<?xml version="1.0" encoding="utf-8"?>
<Project ToolsVersion="4.0" xmlns="http://schemas.microsoft.com/developer/msbuild/2003">
  <ItemGroup>
    <Filter Include="Source Files">
      <UniqueIdentifier>{4FC737F1-C7A5-4376-A066-2A32D752A2FF}</UniqueIdentifier>
      <Extensions>cpp;c;cc;cxx;def;odl;idl;hpj;bat;asm;asmx</Extensions>
    </Filter>
    <Filter Include="Header Files">
      <UniqueIdentifier>{93995380-89BD-4b04-88EB-625FBE52EBFB}</UniqueIdentifier>
      <Extensions>h;hh;hpp;hxx;hm;inl;inc;ipp;xsd</Extensions>
    </Filter>
    <Filter Include="Resource Files">
      <UniqueIdentifier>{67DA6AB6-F800-4c08-8B7A-83BB121AAD01}</UniqueIdentifier>
      <Extensions>rc;ico;cur;bmp;dlg;rc2;rct;bin;rgs;gif;jpg;jpeg;jpe;resx;tiff;tif;png;wav;mfcribbon-ms</Extensions>
    </Filter>
  </ItemGroup>
  <ItemGroup>
    <ClInclude Include="..\NASA-DAIDALUS\C++\include\ACCoRDConfig.h">
      <Filter>Header Files</Filter>
    </ClInclude>
    <ClInclude Include="..\NASA-DAIDALUS\C++\include\AircraftState.h">
      <Filter>Header Files</Filter>
    </ClInclude>
    <ClInclude Include="..\NASA-DAIDALUS\C++\include\Alerter.h">
      <Filter>Header Files</Filter>
    </ClInclude>
    <ClInclude Include="..\NASA-DAIDALUS\C++\include\AlertThresholds.h">
      <Filter>Header Files</Filter>
    </ClInclude>
    <ClInclude Include="..\NASA-DAIDALUS\C++\include\AziEquiProjection.h">
      <Filter>Header Files</Filter>
    </ClInclude>
    <ClInclude Include="..\NASA-DAIDALUS\C++\include\Bands.h">
      <Filter>Header Files</Filter>
    </ClInclude>
    <ClInclude Include="..\NASA-DAIDALUS\C++\include\BandsCore.h">
      <Filter>Header Files</Filter>
    </ClInclude>
    <ClInclude Include="..\NASA-DAIDALUS\C++\include\BandsHysteresis.h">
      <Filter>Header Files</Filter>
    </ClInclude>
    <ClInclude Include="..\NASA-DAIDALUS\C++\include\BandsMofN.h">
      <Filter>Header Files</Filter>
    </ClInclude>
    <ClInclude Include="..\NASA-DAIDALUS\C++\include\BandsRange.h">
      <Filter>Header Files</Filter>
    </ClInclude>
    <ClInclude Include="..\NASA-DAIDALUS\C++\include\BandsRegion.h">
      <Filter>Header Files</Filter>
    </ClInclude>
    <ClInclude Include="..\NASA-DAIDALUS\C++\include\CD2D.h">
      <Filter>Header Files</Filter>
    </ClInclude>
    <ClInclude Include="..\NASA-DAIDALUS\C++\include\CD3D.h">
      <Filter>Header Files</Filter>
    </ClInclude>
    <ClInclude Include="..\NASA-DAIDALUS\C++\include\CDCylinder.h">
      <Filter>Header Files</Filter>
    </ClInclude>
    <ClInclude Include="..\NASA-DAIDALUS\C++\include\ColorValue.h">
      <Filter>Header Files</Filter>
    </ClInclude>
    <ClInclude Include="..\NASA-DAIDALUS\C++\include\ConflictData.h">
      <Filter>Header Files</Filter>
    </ClInclude>
    <ClInclude Include="..\NASA-DAIDALUS\C++\include\Constants.h">
      <Filter>Header Files</Filter>
    </ClInclude>
    <ClInclude Include="..\NASA-DAIDALUS\C++\include\Consts.h">
      <Filter>Header Files</Filter>
    </ClInclude>
    <ClInclude Include="..\NASA-DAIDALUS\C++\include\Criteria.h">
      <Filter>Header Files</Filter>
    </ClInclude>
    <ClInclude Include="..\NASA-DAIDALUS\C++\include\CriteriaCore.h">
      <Filter>Header Files</Filter>
    </ClInclude>
    <ClInclude Include="..\NASA-DAIDALUS\C++\include\CriticalVectors.h">
      <Filter>Header Files</Filter>
    </ClInclude>
    <ClInclude Include="..\NASA-DAIDALUS\C++\include\CriticalVectors2D.h">
      <Filter>Header Files</Filter>
    </ClInclude>
    <ClInclude Include="..\NASA-DAIDALUS\C++\include\Daidalus.h">
      <Filter>Header Files</Filter>
    </ClInclude>
    <ClInclude Include="..\NASA-DAIDALUS\C++\include\DaidalusAltBands.h">
      <Filter>Header Files</Filter>
    </ClInclude>
    <ClInclude Include="..\NASA-DAIDALUS\C++\include\DaidalusCore.h">
      <Filter>Header Files</Filter>
    </ClInclude>
    <ClInclude Include="..\NASA-DAIDALUS\C++\include\DaidalusDirBands.h">
      <Filter>Header Files</Filter>
    </ClInclude>
    <ClInclude Include="..\NASA-DAIDALUS\C++\include\DaidalusFileWalker.h">
      <Filter>Header Files</Filter>
    </ClInclude>
    <ClInclude Include="..\NASA-DAIDALUS\C++\include\DaidalusHsBands.h">
      <Filter>Header Files</Filter>
    </ClInclude>
    <ClInclude Include="..\NASA-DAIDALUS\C++\include\DaidalusIntegerBands.h">
      <Filter>Header Files</Filter>
    </ClInclude>
    <ClInclude Include="..\NASA-DAIDALUS\C++\include\DaidalusParameters.h">
      <Filter>Header Files</Filter>
    </ClInclude>
    <ClInclude Include="..\NASA-DAIDALUS\C++\include\DaidalusRealBands.h">
      <Filter>Header Files</Filter>
    </ClInclude>
    <ClInclude Include="..\NASA-DAIDALUS\C++\include\DaidalusVsBands.h">
      <Filter>Header Files</Filter>
    </ClInclude>
    <ClInclude Include="..\NASA-DAIDALUS\C++\include\DCPAUrgencyStrategy.h">
      <Filter>Header Files</Filter>
    </ClInclude>
    <ClInclude Include="..\NASA-DAIDALUS\C++\include\Debug.h">
      <Filter>Header Files</Filter>
    </ClInclude>
    <ClInclude Include="..\NASA-DAIDALUS\C++\include\Detection3D.h">
      <Filter>Header Files</Filter>
    </ClInclude>
    <ClInclude Include="..\NASA-DAIDALUS\C++\include\Detection3DAcceptor.h">
      <Filter>Header Files</Filter>
    </ClInclude>
    <ClInclude Include="..\NASA-DAIDALUS\C++\include\Detection3DParameterReader.h">
      <Filter>Header Files</Filter>
    </ClInclude>
    <ClInclude Include="..\NASA-DAIDALUS\C++\include\Detection3DParameterWriter.h">
      <Filter>Header Files</Filter>
    </ClInclude>
    <ClInclude Include="..\NASA-DAIDALUS\C++\include\Detection3DResAcceptor.h">
      <Filter>Header Files</Filter>
    </ClInclude>
    <ClInclude Include="..\NASA-DAIDALUS\C++\include\ENUProjection.h">
      <Filter>Header Files</Filter>
    </ClInclude>
    <ClInclude Include="..\NASA-DAIDALUS\C++\include\ErrorLog.h">
      <Filter>Header Files</Filter>
    </ClInclude>
    <ClInclude Include="..\NASA-DAIDALUS\C++\include\ErrorReporter.h">
      <Filter>Header Files</Filter>
    </ClInclude>
    <ClInclude Include="..\NASA-DAIDALUS\C++\include\EuclideanProjection.h">
      <Filter>Header Files</Filter>
    </ClInclude>
    <ClInclude Include="..\NASA-DAIDALUS\C++\include\FixedAircraftUrgencyStrategy.h">
      <Filter>Header Files</Filter>
    </ClInclude>
    <ClInclude Include="..\NASA-DAIDALUS\C++\include\format.h">
      <Filter>Header Files</Filter>
    </ClInclude>
    <ClInclude Include="..\NASA-DAIDALUS\C++\include\Function.h">
      <Filter>Header Files</Filter>
    </ClInclude>
    <ClInclude Include="..\NASA-DAIDALUS\C++\include\GenericBands.h">
      <Filter>Header Files</Filter>
    </ClInclude>
    <ClInclude Include="..\NASA-DAIDALUS\C++\include\GenericDHStateBands.h">
      <Filter>Header Files</Filter>
    </ClInclude>
    <ClInclude Include="..\NASA-DAIDALUS\C++\include\GenericStateBands.h">
      <Filter>Header Files</Filter>
    </ClInclude>
    <ClInclude Include="..\NASA-DAIDALUS\C++\include\GreatCircle.h">
      <Filter>Header Files</Filter>
    </ClInclude>
    <ClInclude Include="..\NASA-DAIDALUS\C++\include\Horizontal.h">
      <Filter>Header Files</Filter>
    </ClInclude>
    <ClInclude Include="..\NASA-DAIDALUS\C++\include\HysteresisData.h">
      <Filter>Header Files</Filter>
    </ClInclude>
    <ClInclude Include="..\NASA-DAIDALUS\C++\include\IndexLevelT.h">
      <Filter>Header Files</Filter>
    </ClInclude>
    <ClInclude Include="..\NASA-DAIDALUS\C++\include\Integerval.h">
      <Filter>Header Files</Filter>
    </ClInclude>
    <ClInclude Include="..\NASA-DAIDALUS\C++\include\Interval.h">
      <Filter>Header Files</Filter>
    </ClInclude>
    <ClInclude Include="..\NASA-DAIDALUS\C++\include\IntervalSet.h">
      <Filter>Header Files</Filter>
    </ClInclude>
    <ClInclude Include="..\NASA-DAIDALUS\C++\include\Kinematics.h">
      <Filter>Header Files</Filter>
    </ClInclude>
    <ClInclude Include="..\NASA-DAIDALUS\C++\include\KinematicsLatLon.h">
      <Filter>Header Files</Filter>
    </ClInclude>
    <ClInclude Include="..\NASA-DAIDALUS\C++\include\LatLonAlt.h">
      <Filter>Header Files</Filter>
    </ClInclude>
    <ClInclude Include="..\NASA-DAIDALUS\C++\include\LossData.h">
      <Filter>Header Files</Filter>
    </ClInclude>
    <ClInclude Include="..\NASA-DAIDALUS\C++\include\MofN.h">
      <Filter>Header Files</Filter>
    </ClInclude>
    <ClInclude Include="..\NASA-DAIDALUS\C++\include\NavPoint.h">
      <Filter>Header Files</Filter>
    </ClInclude>
    <ClInclude Include="..\NASA-DAIDALUS\C++\include\NoneUrgencyStrategy.h">
      <Filter>Header Files</Filter>
    </ClInclude>
    <ClInclude Include="..\NASA-DAIDALUS\C++\include\OrthographicProjection.h">
      <Filter>Header Files</Filter>
    </ClInclude>
    <ClInclude Include="..\NASA-DAIDALUS\C++\include\OutputList.h">
      <Filter>Header Files</Filter>
    </ClInclude>
    <ClInclude Include="..\NASA-DAIDALUS\C++\include\Pair.h">
      <Filter>Header Files</Filter>
    </ClInclude>
    <ClInclude Include="..\NASA-DAIDALUS\C++\include\ParameterAcceptor.h">
      <Filter>Header Files</Filter>
    </ClInclude>
    <ClInclude Include="..\NASA-DAIDALUS\C++\include\ParameterData.h">
      <Filter>Header Files</Filter>
    </ClInclude>
    <ClInclude Include="..\NASA-DAIDALUS\C++\include\ParameterEntry.h">
      <Filter>Header Files</Filter>
    </ClInclude>
    <ClInclude Include="..\NASA-DAIDALUS\C++\include\ParameterProvider.h">
      <Filter>Header Files</Filter>
    </ClInclude>
    <ClInclude Include="..\NASA-DAIDALUS\C++\include\ParameterReader.h">
      <Filter>Header Files</Filter>
    </ClInclude>
    <ClInclude Include="..\NASA-DAIDALUS\C++\include\ParameterTable.h">
      <Filter>Header Files</Filter>
    </ClInclude>
    <ClInclude Include="..\NASA-DAIDALUS\C++\include\Point.h">
      <Filter>Header Files</Filter>
    </ClInclude>
    <ClInclude Include="..\NASA-DAIDALUS\C++\include\Position.h">
      <Filter>Header Files</Filter>
    </ClInclude>
    <ClInclude Include="..\NASA-DAIDALUS\C++\include\PositionUtil.h">
      <Filter>Header Files</Filter>
    </ClInclude>
    <ClInclude Include="..\NASA-DAIDALUS\C++\include\ProjectedKinematics.h">
      <Filter>Header Files</Filter>
    </ClInclude>
    <ClInclude Include="..\NASA-DAIDALUS\C++\include\Projection.h">
      <Filter>Header Files</Filter>
    </ClInclude>
    <ClInclude Include="..\NASA-DAIDALUS\C++\include\Quad.h">
      <Filter>Header Files</Filter>
    </ClInclude>
    <ClInclude Include="..\NASA-DAIDALUS\C++\include\RecoveryInformation.h">
      <Filter>Header Files</Filter>
    </ClInclude>
    <ClInclude Include="..\NASA-DAIDALUS\C++\include\SeparatedInput.h">
      <Filter>Header Files</Filter>
    </ClInclude>
    <ClInclude Include="..\NASA-DAIDALUS\C++\include\SeparatedOutput.h">
      <Filter>Header Files</Filter>
    </ClInclude>
    <ClInclude Include="..\NASA-DAIDALUS\C++\include\SequenceReader.h">
      <Filter>Header Files</Filter>
    </ClInclude>
    <ClInclude Include="..\NASA-DAIDALUS\C++\include\SimpleNoPolarProjection.h">
      <Filter>Header Files</Filter>
    </ClInclude>
    <ClInclude Include="..\NASA-DAIDALUS\C++\include\SimpleProjection.h">
      <Filter>Header Files</Filter>
    </ClInclude>
    <ClInclude Include="..\NASA-DAIDALUS\C++\include\StateReader.h">
      <Filter>Header Files</Filter>
    </ClInclude>
    <ClInclude Include="..\NASA-DAIDALUS\C++\include\StateVector.h">
      <Filter>Header Files</Filter>
    </ClInclude>
    <ClInclude Include="..\NASA-DAIDALUS\C++\include\string_util.h">
      <Filter>Header Files</Filter>
    </ClInclude>
    <ClInclude Include="..\NASA-DAIDALUS\C++\include\SUMData.h">
      <Filter>Header Files</Filter>
    </ClInclude>
    <ClInclude Include="..\NASA-DAIDALUS\C++\include\TangentLine.h">
      <Filter>Header Files</Filter>
    </ClInclude>
    <ClInclude Include="..\NASA-DAIDALUS\C++\include\TargetUrgency.h">
      <Filter>Header Files</Filter>
    </ClInclude>
    <ClInclude Include="..\NASA-DAIDALUS\C++\include\TCAS2D.h">
      <Filter>Header Files</Filter>
    </ClInclude>
    <ClInclude Include="..\NASA-DAIDALUS\C++\include\TCAS3D.h">
      <Filter>Header Files</Filter>
    </ClInclude>
    <ClInclude Include="..\NASA-DAIDALUS\C++\include\TCASTable.h">
      <Filter>Header Files</Filter>
    </ClInclude>
    <ClInclude Include="..\NASA-DAIDALUS\C++\include\TrafficState.h">
      <Filter>Header Files</Filter>
    </ClInclude>
    <ClInclude Include="..\NASA-DAIDALUS\C++\include\Transmitter.h">
      <Filter>Header Files</Filter>
    </ClInclude>
    <ClInclude Include="..\NASA-DAIDALUS\C++\include\Triple.h">
      <Filter>Header Files</Filter>
    </ClInclude>
    <ClInclude Include="..\NASA-DAIDALUS\C++\include\Tuple5.h">
      <Filter>Header Files</Filter>
    </ClInclude>
    <ClInclude Include="..\NASA-DAIDALUS\C++\include\Units.h">
      <Filter>Header Files</Filter>
    </ClInclude>
    <ClInclude Include="..\NASA-DAIDALUS\C++\include\UrgencyStrategy.h">
      <Filter>Header Files</Filter>
    </ClInclude>
    <ClInclude Include="..\NASA-DAIDALUS\C++\include\Util.h">
      <Filter>Header Files</Filter>
    </ClInclude>
    <ClInclude Include="..\NASA-DAIDALUS\C++\include\Vect2.h">
      <Filter>Header Files</Filter>
    </ClInclude>
    <ClInclude Include="..\NASA-DAIDALUS\C++\include\Vect3.h">
      <Filter>Header Files</Filter>
    </ClInclude>
    <ClInclude Include="..\NASA-DAIDALUS\C++\include\Vect4.h">
      <Filter>Header Files</Filter>
    </ClInclude>
    <ClInclude Include="..\NASA-DAIDALUS\C++\include\VectFuns.h">
      <Filter>Header Files</Filter>
    </ClInclude>
    <ClInclude Include="..\NASA-DAIDALUS\C++\include\Velocity.h">
      <Filter>Header Files</Filter>
    </ClInclude>
    <ClInclude Include="..\NASA-DAIDALUS\C++\include\Vertical.h">
      <Filter>Header Files</Filter>
    </ClInclude>
    <ClInclude Include="..\NASA-DAIDALUS\C++\include\WCV_HZ.h">
      <Filter>Header Files</Filter>
    </ClInclude>
    <ClInclude Include="..\NASA-DAIDALUS\C++\include\WCV_TAUMOD.h">
      <Filter>Header Files</Filter>
    </ClInclude>
    <ClInclude Include="..\NASA-DAIDALUS\C++\include\WCV_TAUMOD_SUM.h">
      <Filter>Header Files</Filter>
    </ClInclude>
    <ClInclude Include="..\NASA-DAIDALUS\C++\include\WCV_TCOA.h">
      <Filter>Header Files</Filter>
    </ClInclude>
    <ClInclude Include="..\NASA-DAIDALUS\C++\include\WCV_TCPA.h">
      <Filter>Header Files</Filter>
    </ClInclude>
    <ClInclude Include="..\NASA-DAIDALUS\C++\include\WCV_TEP.h">
      <Filter>Header Files</Filter>
    </ClInclude>
    <ClInclude Include="..\NASA-DAIDALUS\C++\include\WCV_tvar.h">
      <Filter>Header Files</Filter>
    </ClInclude>
    <ClInclude Include="..\NASA-DAIDALUS\C++\include\WCV_Vertical.h">
      <Filter>Header Files</Filter>
    </ClInclude>
    <ClInclude Include="..\NASA-DAIDALUS\C++\include\WCV_VMOD.h">
      <Filter>Header Files</Filter>
    </ClInclude>
    <ClInclude Include="..\NASA-DAIDALUS\C++\include\WCVTable.h">
      <Filter>Header Files</Filter>
    </ClInclude>
  </ItemGroup>
  <ItemGroup>
    <ClCompile Include="..\NASA-DAIDALUS\C++\src\ACCoRDConfig.cpp">
      <Filter>Source Files</Filter>
    </ClCompile>
    <ClCompile Include="..\NASA-DAIDALUS\C++\src\AircraftState.cpp">
      <Filter>Source Files</Filter>
    </ClCompile>
    <ClCompile Include="..\NASA-DAIDALUS\C++\src\Alerter.cpp">
      <Filter>Source Files</Filter>
    </ClCompile>
    <ClCompile Include="..\NASA-DAIDALUS\C++\src\AlertThresholds.cpp">
      <Filter>Source Files</Filter>
    </ClCompile>
    <ClCompile Include="..\NASA-DAIDALUS\C++\src\AziEquiProjection.cpp">
      <Filter>Source Files</Filter>
    </ClCompile>
    <ClCompile Include="..\NASA-DAIDALUS\C++\src\Bands.cpp">
      <Filter>Source Files</Filter>
    </ClCompile>
    <ClCompile Include="..\NASA-DAIDALUS\C++\src\BandsCore.cpp">
      <Filter>Source Files</Filter>
    </ClCompile>
    <ClCompile Include="..\NASA-DAIDALUS\C++\src\BandsHysteresis.cpp">
      <Filter>Source Files</Filter>
    </ClCompile>
    <ClCompile Include="..\NASA-DAIDALUS\C++\src\BandsMofN.cpp">
      <Filter>Source Files</Filter>
    </ClCompile>
    <ClCompile Include="..\NASA-DAIDALUS\C++\src\BandsRange.cpp">
      <Filter>Source Files</Filter>
    </ClCompile>
    <ClCompile Include="..\NASA-DAIDALUS\C++\src\BandsRegion.cpp">
      <Filter>Source Files</Filter>
    </ClCompile>
    <ClCompile Include="..\NASA-DAIDALUS\C++\src\CD2D.cpp">
      <Filter>Source Files</Filter>
    </ClCompile>
    <ClCompile Include="..\NASA-DAIDALUS\C++\src\CD3D.cpp">
      <Filter>Source Files</Filter>
    </ClCompile>
    <ClCompile Include="..\NASA-DAIDALUS\C++\src\CDCylinder.cpp">
      <Filter>Source Files</Filter>
    </ClCompile>
    <ClCompile Include="..\NASA-DAIDALUS\C++\src\ColorValue.cpp">
      <Filter>Source Files</Filter>
    </ClCompile>
    <ClCompile Include="..\NASA-DAIDALUS\C++\src\ConflictData.cpp">
      <Filter>Source Files</Filter>
    </ClCompile>
    <ClCompile Include="..\NASA-DAIDALUS\C++\src\Constants.cpp">
      <Filter>Source Files</Filter>
    </ClCompile>
    <ClCompile Include="..\NASA-DAIDALUS\C++\src\Criteria.cpp">
      <Filter>Source Files</Filter>
    </ClCompile>
    <ClCompile Include="..\NASA-DAIDALUS\C++\src\CriteriaCore.cpp">
      <Filter>Source Files</Filter>
    </ClCompile>
    <ClCompile Include="..\NASA-DAIDALUS\C++\src\CriticalVectors.cpp">
      <Filter>Source Files</Filter>
    </ClCompile>
    <ClCompile Include="..\NASA-DAIDALUS\C++\src\CriticalVectors2D.cpp">
      <Filter>Source Files</Filter>
    </ClCompile>
    <ClCompile Include="..\NASA-DAIDALUS\C++\src\Daidalus.cpp">
      <Filter>Source Files</Filter>
    </ClCompile>
    <ClCompile Include="..\NASA-DAIDALUS\C++\src\DaidalusAltBands.cpp">
      <Filter>Source Files</Filter>
    </ClCompile>
    <ClCompile Include="..\NASA-DAIDALUS\C++\src\DaidalusCore.cpp">
      <Filter>Source Files</Filter>
    </ClCompile>
    <ClCompile Include="..\NASA-DAIDALUS\C++\src\DaidalusDirBands.cpp">
      <Filter>Source Files</Filter>
    </ClCompile>
    <ClCompile Include="..\NASA-DAIDALUS\C++\src\DaidalusFileWalker.cpp">
      <Filter>Source Files</Filter>
    </ClCompile>
    <ClCompile Include="..\NASA-DAIDALUS\C++\src\DaidalusHsBands.cpp">
      <Filter>Source Files</Filter>
    </ClCompile>
    <ClCompile Include="..\NASA-DAIDALUS\C++\src\DaidalusIntegerBands.cpp">
      <Filter>Source Files</Filter>
    </ClCompile>
    <ClCompile Include="..\NASA-DAIDALUS\C++\src\DaidalusParameters.cpp">
      <Filter>Source Files</Filter>
    </ClCompile>
    <ClCompile Include="..\NASA-DAIDALUS\C++\src\DaidalusRealBands.cpp">
      <Filter>Source Files</Filter>
    </ClCompile>
    <ClCompile Include="..\NASA-DAIDALUS\C++\src\DaidalusVsBands.cpp">
      <Filter>Source Files</Filter>
    </ClCompile>
    <ClCompile Include="..\NASA-DAIDALUS\C++\src\DCPAUrgencyStrategy.cpp">
      <Filter>Source Files</Filter>
    </ClCompile>
    <ClCompile Include="..\NASA-DAIDALUS\C++\src\Detection3D.cpp">
      <Filter>Source Files</Filter>
    </ClCompile>
    <ClCompile Include="..\NASA-DAIDALUS\C++\src\Detection3DParameterReader.cpp">
      <Filter>Source Files</Filter>
    </ClCompile>
    <ClCompile Include="..\NASA-DAIDALUS\C++\src\Detection3DParameterWriter.cpp">
      <Filter>Source Files</Filter>
    </ClCompile>
    <ClCompile Include="..\NASA-DAIDALUS\C++\src\ENUProjection.cpp">
      <Filter>Source Files</Filter>
    </ClCompile>
    <ClCompile Include="..\NASA-DAIDALUS\C++\src\ErrorLog.cpp">
      <Filter>Source Files</Filter>
    </ClCompile>
    <ClCompile Include="..\NASA-DAIDALUS\C++\src\FixedAircraftUrgencyStrategy.cpp">
      <Filter>Source Files</Filter>
    </ClCompile>
    <ClCompile Include="..\NASA-DAIDALUS\C++\src\format.cpp">
      <Filter>Source Files</Filter>
    </ClCompile>
    <ClCompile Include="..\NASA-DAIDALUS\C++\src\GreatCircle.cpp">
      <Filter>Source Files</Filter>
    </ClCompile>
    <ClCompile Include="..\NASA-DAIDALUS\C++\src\Horizontal.cpp">
      <Filter>Source Files</Filter>
    </ClCompile>
    <ClCompile Include="..\NASA-DAIDALUS\C++\src\HysteresisData.cpp">
      <Filter>Source Files</Filter>
    </ClCompile>
    <ClCompile Include="..\NASA-DAIDALUS\C++\src\IndexLevelT.cpp">
      <Filter>Source Files</Filter>
    </ClCompile>
    <ClCompile Include="..\NASA-DAIDALUS\C++\src\Integerval.cpp">
      <Filter>Source Files</Filter>
    </ClCompile>
    <ClCompile Include="..\NASA-DAIDALUS\C++\src\Interval.cpp">
      <Filter>Source Files</Filter>
    </ClCompile>
    <ClCompile Include="..\NASA-DAIDALUS\C++\src\IntervalSet.cpp">
      <Filter>Source Files</Filter>
    </ClCompile>
    <ClCompile Include="..\NASA-DAIDALUS\C++\src\Kinematics.cpp">
      <Filter>Source Files</Filter>
    </ClCompile>
    <ClCompile Include="..\NASA-DAIDALUS\C++\src\KinematicsLatLon.cpp">
      <Filter>Source Files</Filter>
    </ClCompile>
    <ClCompile Include="..\NASA-DAIDALUS\C++\src\LatLonAlt.cpp">
      <Filter>Source Files</Filter>
    </ClCompile>
    <ClCompile Include="..\NASA-DAIDALUS\C++\src\LossData.cpp">
      <Filter>Source Files</Filter>
    </ClCompile>
    <ClCompile Include="..\NASA-DAIDALUS\C++\src\MofN.cpp">
      <Filter>Source Files</Filter>
    </ClCompile>
    <ClCompile Include="..\NASA-DAIDALUS\C++\src\NavPoint.cpp">
      <Filter>Source Files</Filter>
    </ClCompile>
    <ClCompile Include="..\NASA-DAIDALUS\C++\src\NoneUrgencyStrategy.cpp">
      <Filter>Source Files</Filter>
    </ClCompile>
    <ClCompile Include="..\NASA-DAIDALUS\C++\src\OrthographicProjection.cpp">
      <Filter>Source Files</Filter>
    </ClCompile>
    <ClCompile Include="..\NASA-DAIDALUS\C++\src\ParameterData.cpp">
      <Filter>Source Files</Filter>
    </ClCompile>
    <ClCompile Include="..\NASA-DAIDALUS\C++\src\ParameterEntry.cpp">
      <Filter>Source Files</Filter>
    </ClCompile>
    <ClCompile Include="..\NASA-DAIDALUS\C++\src\Point.cpp">
      <Filter>Source Files</Filter>
    </ClCompile>
    <ClCompile Include="..\NASA-DAIDALUS\C++\src\Position.cpp">
      <Filter>Source Files</Filter>
    </ClCompile>
    <ClCompile Include="..\NASA-DAIDALUS\C++\src\PositionUtil.cpp">
      <Filter>Source Files</Filter>
    </ClCompile>
    <ClCompile Include="..\NASA-DAIDALUS\C++\src\ProjectedKinematics.cpp">
      <Filter>Source Files</Filter>
    </ClCompile>
    <ClCompile Include="..\NASA-DAIDALUS\C++\src\Projection.cpp">
      <Filter>Source Files</Filter>
    </ClCompile>
    <ClCompile Include="..\NASA-DAIDALUS\C++\src\RecoveryInformation.cpp">
      <Filter>Source Files</Filter>
    </ClCompile>
    <ClCompile Include="..\NASA-DAIDALUS\C++\src\SeparatedInput.cpp">
      <Filter>Source Files</Filter>
    </ClCompile>
    <ClCompile Include="..\NASA-DAIDALUS\C++\src\SeparatedOutput.cpp">
      <Filter>Source Files</Filter>
    </ClCompile>
    <ClCompile Include="..\NASA-DAIDALUS\C++\src\SequenceReader.cpp">
      <Filter>Source Files</Filter>
    </ClCompile>
    <ClCompile Include="..\NASA-DAIDALUS\C++\src\SimpleNoPolarProjection.cpp">
      <Filter>Source Files</Filter>
    </ClCompile>
    <ClCompile Include="..\NASA-DAIDALUS\C++\src\SimpleProjection.cpp">
      <Filter>Source Files</Filter>
    </ClCompile>
    <ClCompile Include="..\NASA-DAIDALUS\C++\src\StateReader.cpp">
      <Filter>Source Files</Filter>
    </ClCompile>
    <ClCompile Include="..\NASA-DAIDALUS\C++\src\StateVector.cpp">
      <Filter>Source Files</Filter>
    </ClCompile>
    <ClCompile Include="..\NASA-DAIDALUS\C++\src\string_util.cpp">
      <Filter>Source Files</Filter>
    </ClCompile>
    <ClCompile Include="..\NASA-DAIDALUS\C++\src\SUMData.cpp">
      <Filter>Source Files</Filter>
    </ClCompile>
    <ClCompile Include="..\NASA-DAIDALUS\C++\src\TangentLine.cpp">
      <Filter>Source Files</Filter>
    </ClCompile>
    <ClCompile Include="..\NASA-DAIDALUS\C++\src\TargetUrgency.cpp">
      <Filter>Source Files</Filter>
    </ClCompile>
    <ClCompile Include="..\NASA-DAIDALUS\C++\src\TCAS2D.cpp">
      <Filter>Source Files</Filter>
    </ClCompile>
    <ClCompile Include="..\NASA-DAIDALUS\C++\src\TCAS3D.cpp">
      <Filter>Source Files</Filter>
    </ClCompile>
    <ClCompile Include="..\NASA-DAIDALUS\C++\src\TCASTable.cpp">
      <Filter>Source Files</Filter>
    </ClCompile>
    <ClCompile Include="..\NASA-DAIDALUS\C++\src\TrafficState.cpp">
      <Filter>Source Files</Filter>
    </ClCompile>
    <ClCompile Include="..\NASA-DAIDALUS\C++\src\Units.cpp">
      <Filter>Source Files</Filter>
    </ClCompile>
    <ClCompile Include="..\NASA-DAIDALUS\C++\src\Util.cpp">
      <Filter>Source Files</Filter>
    </ClCompile>
    <ClCompile Include="..\NASA-DAIDALUS\C++\src\Vect2.cpp">
      <Filter>Source Files</Filter>
    </ClCompile>
    <ClCompile Include="..\NASA-DAIDALUS\C++\src\Vect3.cpp">
      <Filter>Source Files</Filter>
    </ClCompile>
    <ClCompile Include="..\NASA-DAIDALUS\C++\src\Vect4.cpp">
      <Filter>Source Files</Filter>
    </ClCompile>
    <ClCompile Include="..\NASA-DAIDALUS\C++\src\VectFuns.cpp">
      <Filter>Source Files</Filter>
    </ClCompile>
    <ClCompile Include="..\NASA-DAIDALUS\C++\src\Velocity.cpp">
      <Filter>Source Files</Filter>
    </ClCompile>
    <ClCompile Include="..\NASA-DAIDALUS\C++\src\Vertical.cpp">
      <Filter>Source Files</Filter>
    </ClCompile>
    <ClCompile Include="..\NASA-DAIDALUS\C++\src\WCV_HZ.cpp">
      <Filter>Source Files</Filter>
    </ClCompile>
    <ClCompile Include="..\NASA-DAIDALUS\C++\src\WCV_TAUMOD.cpp">
      <Filter>Source Files</Filter>
    </ClCompile>
    <ClCompile Include="..\NASA-DAIDALUS\C++\src\WCV_TAUMOD_SUM.cpp">
      <Filter>Source Files</Filter>
    </ClCompile>
    <ClCompile Include="..\NASA-DAIDALUS\C++\src\WCV_TCOA.cpp">
      <Filter>Source Files</Filter>
    </ClCompile>
    <ClCompile Include="..\NASA-DAIDALUS\C++\src\WCV_TCPA.cpp">
      <Filter>Source Files</Filter>
    </ClCompile>
    <ClCompile Include="..\NASA-DAIDALUS\C++\src\WCV_TEP.cpp">
      <Filter>Source Files</Filter>
    </ClCompile>
    <ClCompile Include="..\NASA-DAIDALUS\C++\src\WCV_tvar.cpp">
      <Filter>Source Files</Filter>
    </ClCompile>
    <ClCompile Include="..\NASA-DAIDALUS\C++\src\WCV_VMOD.cpp">
      <Filter>Source Files</Filter>
    </ClCompile>
    <ClCompile Include="..\NASA-DAIDALUS\C++\src\WCVTable.cpp">
      <Filter>Source Files</Filter>
    </ClCompile>
  </ItemGroup>
</Project>